
Microsoft Visual Studio Solution File, Format Version 12.00
# Visual Studio 15
Project("{FAE04EC0-301F-11D3-BF4B-00C04F79EFBC}") = "012-HighlyDivisiblyTriangular", "012-HighlyDivisiblyTriangular\012-HighlyDivisiblyTriangular.csproj", "{30FEF65C-F065-49AE-B5EB-20063A3D64EF}"
EndProject
Global
	GlobalSection(SolutionConfigurationPlatforms) = preSolution
		Debug|Any CPU = Debug|Any CPU
		Release|Any CPU = Release|Any CPU
	EndGlobalSection
	GlobalSection(ProjectConfigurationPlatforms) = postSolution
		{30FEF65C-F065-49AE-B5EB-20063A3D64EF}.Debug|Any CPU.ActiveCfg = Debug|Any CPU
		{30FEF65C-F065-49AE-B5EB-20063A3D64EF}.Debug|Any CPU.Build.0 = Debug|Any CPU
		{30FEF65C-F065-49AE-B5EB-20063A3D64EF}.Release|Any CPU.ActiveCfg = Release|Any CPU
		{30FEF65C-F065-49AE-B5EB-20063A3D64EF}.Release|Any CPU.Build.0 = Release|Any CPU
	EndGlobalSection
EndGlobal
