
Microsoft Visual Studio Solution File, Format Version 12.00
# Visual Studio 15
Project("{FAE04EC0-301F-11D3-BF4B-00C04F79EFBC}") = "015-LatticePaths", "015-LatticePaths\015-LatticePaths.csproj", "{3DFD8AA3-3BD9-4F8A-8450-6BD72BFCE827}"
EndProject
Global
	GlobalSection(SolutionConfigurationPlatforms) = preSolution
		Debug|Any CPU = Debug|Any CPU
		Release|Any CPU = Release|Any CPU
	EndGlobalSection
	GlobalSection(ProjectConfigurationPlatforms) = postSolution
		{3DFD8AA3-3BD9-4F8A-8450-6BD72BFCE827}.Debug|Any CPU.ActiveCfg = Debug|Any CPU
		{3DFD8AA3-3BD9-4F8A-8450-6BD72BFCE827}.Debug|Any CPU.Build.0 = Debug|Any CPU
		{3DFD8AA3-3BD9-4F8A-8450-6BD72BFCE827}.Release|Any CPU.ActiveCfg = Release|Any CPU
		{3DFD8AA3-3BD9-4F8A-8450-6BD72BFCE827}.Release|Any CPU.Build.0 = Release|Any CPU
	EndGlobalSection
EndGlobal
